{
  "originHash" : "9f542b55a37f745de8db7d35cce22bb61890575b94b428741bad36ea048fd20c",
  "pins" : [
    {
      "identity" : "ios-uploads",
      "kind" : "remoteSourceControl",
      "location" : "https://github.com/FastPix/iOS-Uploads.git",
      "state" : {
        "branch" : "main",
        "revision" : "fe6b18f7c07704153a96fe5147cc75e1e1470a94"
      }
    }
  ],
  "version" : 3
}
